{
  "name": "Flask_Blog",
  "lockfileVersion": 2,
  "requires": true,
  "packages": {
    "": {
      "dependencies": {
        "wangeditor": "^4.7.12"
      }
    },
    "node_modules/@babel/runtime": {
      "version": "7.17.8",
      "resolved": "https://registry.npmjs.org/@babel/runtime/-/runtime-7.17.8.tgz",
      "integrity": "sha512-dQpEpK0O9o6lj6oPu0gRDbbnk+4LeHlNcBpspf6Olzt3GIX4P1lWF1gS+pHLDFlaJvbR6q7jCfQ08zA4QJBnmA==",
      "dependencies": {
        "regenerator-runtime": "^0.13.4"
      },
      "engines": {
        "node": ">=6.9.0"
      }
    },
    "node_modules/@babel/runtime-corejs3": {
      "version": "7.17.8",
      "resolved": "https://registry.npmjs.org/@babel/runtime-corejs3/-/runtime-corejs3-7.17.8.tgz",
      "integrity": "sha512-ZbYSUvoSF6dXZmMl/CYTMOvzIFnbGfv4W3SEHYgMvNsFTeLaF2gkGAF4K2ddmtSK4Emej+0aYcnSC6N5dPCXUQ==",
      "dependencies": {
        "core-js-pure": "^3.20.2",
        "regenerator-runtime": "^0.13.4"
      },
      "engines": {
        "node": ">=6.9.0"
      }
    },
    "node_modules/core-js-pure": {
      "version": "3.21.1",
      "resolved": "https://registry.npmjs.org/core-js-pure/-/core-js-pure-3.21.1.tgz",
      "integrity": "sha512-12VZfFIu+wyVbBebyHmRTuEE/tZrB4tJToWcwAMcsp3h4+sHR+fMJWbKpYiCRWlhFBq+KNyO8rIV9rTkeVmznQ==",
      "hasInstallScript": true,
      "funding": {
        "type": "opencollective",
        "url": "https://opencollective.com/core-js"
      }
    },
    "node_modules/regenerator-runtime": {
      "version": "0.13.9",
      "resolved": "https://registry.npmjs.org/regenerator-runtime/-/regenerator-runtime-0.13.9.tgz",
      "integrity": "sha512-p3VT+cOEgxFsRRA9X4lkI1E+k2/CtnKtU4gcxyaCUreilL/vqI6CdZ3wxVUx3UOUg+gnUOQQcRI7BmSI656MYA=="
    },
    "node_modules/tslib": {
      "version": "2.3.1",
      "resolved": "https://registry.npmjs.org/tslib/-/tslib-2.3.1.tgz",
      "integrity": "sha512-77EbyPPpMz+FRFRuAFlWMtmgUWGe9UOG2Z25NqCwiIjRhOf5iKGuzSe5P2w1laq+FkRy4p+PCuVkJSGkzTEKVw=="
    },
    "node_modules/wangeditor": {
      "version": "4.7.12",
      "resolved": "https://registry.npmjs.org/wangeditor/-/wangeditor-4.7.12.tgz",
      "integrity": "sha512-5KOIpQ0+idKvDTkjZOp7RHYXA97FyJ9mjwy+zQUdMUCqZItlEXzvVOYtOlHkJr/HcbwgIz/7f/trGFggZK5X4g==",
      "dependencies": {
        "@babel/runtime": "^7.11.2",
        "@babel/runtime-corejs3": "^7.11.2",
        "tslib": "^2.1.0"
      }
    }
  },
  "dependencies": {
    "@babel/runtime": {
      "version": "7.17.8",
      "resolved": "https://registry.npmjs.org/@babel/runtime/-/runtime-7.17.8.tgz",
      "integrity": "sha512-dQpEpK0O9o6lj6oPu0gRDbbnk+4LeHlNcBpspf6Olzt3GIX4P1lWF1gS+pHLDFlaJvbR6q7jCfQ08zA4QJBnmA==",
      "requires": {
        "regenerator-runtime": "^0.13.4"
      }
    },
    "@babel/runtime-corejs3": {
      "version": "7.17.8",
      "resolved": "https://registry.npmjs.org/@babel/runtime-corejs3/-/runtime-corejs3-7.17.8.tgz",
      "integrity": "sha512-ZbYSUvoSF6dXZmMl/CYTMOvzIFnbGfv4W3SEHYgMvNsFTeLaF2gkGAF4K2ddmtSK4Emej+0aYcnSC6N5dPCXUQ==",
      "requires": {
        "core-js-pure": "^3.20.2",
        "regenerator-runtime": "^0.13.4"
      }
    },
    "core-js-pure": {
      "version": "3.21.1",
      "resolved": "https://registry.npmjs.org/core-js-pure/-/core-js-pure-3.21.1.tgz",
      "integrity": "sha512-12VZfFIu+wyVbBebyHmRTuEE/tZrB4tJToWcwAMcsp3h4+sHR+fMJWbKpYiCRWlhFBq+KNyO8rIV9rTkeVmznQ=="
    },
    "regenerator-runtime": {
      "version": "0.13.9",
      "resolved": "https://registry.npmjs.org/regenerator-runtime/-/regenerator-runtime-0.13.9.tgz",
      "integrity": "sha512-p3VT+cOEgxFsRRA9X4lkI1E+k2/CtnKtU4gcxyaCUreilL/vqI6CdZ3wxVUx3UOUg+gnUOQQcRI7BmSI656MYA=="
    },
    "tslib": {
      "version": "2.3.1",
      "resolved": "https://registry.npmjs.org/tslib/-/tslib-2.3.1.tgz",
      "integrity": "sha512-77EbyPPpMz+FRFRuAFlWMtmgUWGe9UOG2Z25NqCwiIjRhOf5iKGuzSe5P2w1laq+FkRy4p+PCuVkJSGkzTEKVw=="
    },
    "wangeditor": {
      "version": "4.7.12",
      "resolved": "https://registry.npmjs.org/wangeditor/-/wangeditor-4.7.12.tgz",
      "integrity": "sha512-5KOIpQ0+idKvDTkjZOp7RHYXA97FyJ9mjwy+zQUdMUCqZItlEXzvVOYtOlHkJr/HcbwgIz/7f/trGFggZK5X4g==",
      "requires": {
        "@babel/runtime": "^7.11.2",
        "@babel/runtime-corejs3": "^7.11.2",
        "tslib": "^2.1.0"
      }
    }
  }
}
